
Microsoft Visual Studio Solution File, Format Version 12.00
# Visual Studio 15
VisualStudioVersion = 15.0.28307.572
MinimumVisualStudioVersion = 10.0.40219.1
Project("{FAE04EC0-301F-11D3-BF4B-00C04F79EFBC}") = "ProgressBar", "ProgressBar\ProgressBar.csproj", "{74ACF10B-008E-46D5-8CC0-43DE87279092}"
EndProject
Global
	GlobalSection(SolutionConfigurationPlatforms) = preSolution
		Debug|Any CPU = Debug|Any CPU
		Release|Any CPU = Release|Any CPU
	EndGlobalSection
	GlobalSection(ProjectConfigurationPlatforms) = postSolution
		{74ACF10B-008E-46D5-8CC0-43DE87279092}.Debug|Any CPU.ActiveCfg = Debug|Any CPU
		{74ACF10B-008E-46D5-8CC0-43DE87279092}.Debug|Any CPU.Build.0 = Debug|Any CPU
		{74ACF10B-008E-46D5-8CC0-43DE87279092}.Release|Any CPU.ActiveCfg = Release|Any CPU
		{74ACF10B-008E-46D5-8CC0-43DE87279092}.Release|Any CPU.Build.0 = Release|Any CPU
	EndGlobalSection
	GlobalSection(SolutionProperties) = preSolution
		HideSolutionNode = FALSE
	EndGlobalSection
	GlobalSection(ExtensibilityGlobals) = postSolution
		SolutionGuid = {3F1C5B60-FF96-4C31-A248-B77102DD7528}
	EndGlobalSection
EndGlobal
